
Microsoft Visual Studio Solution File, Format Version 12.00
# Visual Studio Version 17
VisualStudioVersion = 17.5.002.0
MinimumVisualStudioVersion = 10.0.40219.1
Project("{2150E333-8FDC-42A3-9474-1A3956D46DE8}") = "Aula03", "Aula03", "{7F14B21C-911F-4E76-9332-E0176162D5E0}"
EndProject
Project("{9A19103F-16F7-4668-BE54-9A1E7A4F7556}") = "01", "Aula03\01\01.csproj", "{BCFF3575-EBC6-4C38-BE3A-232DB11B3F9D}"
EndProject
Project("{9A19103F-16F7-4668-BE54-9A1E7A4F7556}") = "02", "Aula03\02\02.csproj", "{7FD33659-C459-48AA-A8F9-4313617060D5}"
EndProject
Project("{2150E333-8FDC-42A3-9474-1A3956D46DE8}") = "Aula04", "Aula04", "{A0078942-03F7-41EF-9B9E-AF5E8C457C60}"
EndProject
Project("{9A19103F-16F7-4668-BE54-9A1E7A4F7556}") = "01", "Aula04\01\01.csproj", "{3B86EFC6-B762-4CEB-B843-E6E6ED105D58}"
EndProject
Project("{9A19103F-16F7-4668-BE54-9A1E7A4F7556}") = "02", "Aula04\02\02.csproj", "{8AA2BC66-9F21-4778-98BE-41A1805927E7}"
EndProject
Project("{9A19103F-16F7-4668-BE54-9A1E7A4F7556}") = "03", "Aula04\03\03.csproj", "{B769D5F4-1E08-47D2-8D10-AFA4F111D2BA}"
EndProject
Project("{2150E333-8FDC-42A3-9474-1A3956D46DE8}") = "Aula05", "Aula05", "{6D037CCA-5A34-485B-B707-AED65E62AB5F}"
EndProject
Project("{9A19103F-16F7-4668-BE54-9A1E7A4F7556}") = "01", "Aula05\01\01.csproj", "{DE305C80-9A14-42F5-81EB-0344939F6017}"
EndProject
Project("{9A19103F-16F7-4668-BE54-9A1E7A4F7556}") = "02", "Aula05\02\02.csproj", "{5EDA1727-757F-40C4-85C0-6717D99B307F}"
EndProject
Project("{9A19103F-16F7-4668-BE54-9A1E7A4F7556}") = "03", "Aula05\03\03.csproj", "{DBDD94A5-4709-4C85-8B04-80A0B12E56FA}"
EndProject
Project("{9A19103F-16F7-4668-BE54-9A1E7A4F7556}") = "04", "Aula05\04\04.csproj", "{E16B2DF1-614E-4F0E-BFF7-4C5087B485EA}"
EndProject
Project("{2150E333-8FDC-42A3-9474-1A3956D46DE8}") = "Aula06", "Aula06", "{4AB95B45-9240-41EC-9C85-374C33B9DFAF}"
EndProject
Project("{9A19103F-16F7-4668-BE54-9A1E7A4F7556}") = "01", "Aula06\01\01.csproj", "{8E5C7207-E901-4B73-9A40-87EFE8F0925E}"
EndProject
Project("{9A19103F-16F7-4668-BE54-9A1E7A4F7556}") = "02", "Aula06\02\02.csproj", "{EB945498-2C3F-4151-98D4-F981AEA3012F}"
EndProject
Global
	GlobalSection(SolutionConfigurationPlatforms) = preSolution
		Debug|Any CPU = Debug|Any CPU
		Release|Any CPU = Release|Any CPU
	EndGlobalSection
	GlobalSection(ProjectConfigurationPlatforms) = postSolution
		{BCFF3575-EBC6-4C38-BE3A-232DB11B3F9D}.Debug|Any CPU.ActiveCfg = Debug|Any CPU
		{BCFF3575-EBC6-4C38-BE3A-232DB11B3F9D}.Debug|Any CPU.Build.0 = Debug|Any CPU
		{BCFF3575-EBC6-4C38-BE3A-232DB11B3F9D}.Release|Any CPU.ActiveCfg = Release|Any CPU
		{BCFF3575-EBC6-4C38-BE3A-232DB11B3F9D}.Release|Any CPU.Build.0 = Release|Any CPU
		{7FD33659-C459-48AA-A8F9-4313617060D5}.Debug|Any CPU.ActiveCfg = Debug|Any CPU
		{7FD33659-C459-48AA-A8F9-4313617060D5}.Debug|Any CPU.Build.0 = Debug|Any CPU
		{7FD33659-C459-48AA-A8F9-4313617060D5}.Release|Any CPU.ActiveCfg = Release|Any CPU
		{7FD33659-C459-48AA-A8F9-4313617060D5}.Release|Any CPU.Build.0 = Release|Any CPU
		{3B86EFC6-B762-4CEB-B843-E6E6ED105D58}.Debug|Any CPU.ActiveCfg = Debug|Any CPU
		{3B86EFC6-B762-4CEB-B843-E6E6ED105D58}.Debug|Any CPU.Build.0 = Debug|Any CPU
		{3B86EFC6-B762-4CEB-B843-E6E6ED105D58}.Release|Any CPU.ActiveCfg = Release|Any CPU
		{3B86EFC6-B762-4CEB-B843-E6E6ED105D58}.Release|Any CPU.Build.0 = Release|Any CPU
		{8AA2BC66-9F21-4778-98BE-41A1805927E7}.Debug|Any CPU.ActiveCfg = Debug|Any CPU
		{8AA2BC66-9F21-4778-98BE-41A1805927E7}.Debug|Any CPU.Build.0 = Debug|Any CPU
		{8AA2BC66-9F21-4778-98BE-41A1805927E7}.Release|Any CPU.ActiveCfg = Release|Any CPU
		{8AA2BC66-9F21-4778-98BE-41A1805927E7}.Release|Any CPU.Build.0 = Release|Any CPU
		{B769D5F4-1E08-47D2-8D10-AFA4F111D2BA}.Debug|Any CPU.ActiveCfg = Debug|Any CPU
		{B769D5F4-1E08-47D2-8D10-AFA4F111D2BA}.Debug|Any CPU.Build.0 = Debug|Any CPU
		{B769D5F4-1E08-47D2-8D10-AFA4F111D2BA}.Release|Any CPU.ActiveCfg = Release|Any CPU
		{B769D5F4-1E08-47D2-8D10-AFA4F111D2BA}.Release|Any CPU.Build.0 = Release|Any CPU
		{DE305C80-9A14-42F5-81EB-0344939F6017}.Debug|Any CPU.ActiveCfg = Debug|Any CPU
		{DE305C80-9A14-42F5-81EB-0344939F6017}.Debug|Any CPU.Build.0 = Debug|Any CPU
		{DE305C80-9A14-42F5-81EB-0344939F6017}.Release|Any CPU.ActiveCfg = Release|Any CPU
		{DE305C80-9A14-42F5-81EB-0344939F6017}.Release|Any CPU.Build.0 = Release|Any CPU
		{5EDA1727-757F-40C4-85C0-6717D99B307F}.Debug|Any CPU.ActiveCfg = Debug|Any CPU
		{5EDA1727-757F-40C4-85C0-6717D99B307F}.Debug|Any CPU.Build.0 = Debug|Any CPU
		{5EDA1727-757F-40C4-85C0-6717D99B307F}.Release|Any CPU.ActiveCfg = Release|Any CPU
		{5EDA1727-757F-40C4-85C0-6717D99B307F}.Release|Any CPU.Build.0 = Release|Any CPU
		{DBDD94A5-4709-4C85-8B04-80A0B12E56FA}.Debug|Any CPU.ActiveCfg = Debug|Any CPU
		{DBDD94A5-4709-4C85-8B04-80A0B12E56FA}.Debug|Any CPU.Build.0 = Debug|Any CPU
		{DBDD94A5-4709-4C85-8B04-80A0B12E56FA}.Release|Any CPU.ActiveCfg = Release|Any CPU
		{DBDD94A5-4709-4C85-8B04-80A0B12E56FA}.Release|Any CPU.Build.0 = Release|Any CPU
		{E16B2DF1-614E-4F0E-BFF7-4C5087B485EA}.Debug|Any CPU.ActiveCfg = Debug|Any CPU
		{E16B2DF1-614E-4F0E-BFF7-4C5087B485EA}.Debug|Any CPU.Build.0 = Debug|Any CPU
		{E16B2DF1-614E-4F0E-BFF7-4C5087B485EA}.Release|Any CPU.ActiveCfg = Release|Any CPU
		{E16B2DF1-614E-4F0E-BFF7-4C5087B485EA}.Release|Any CPU.Build.0 = Release|Any CPU
		{8E5C7207-E901-4B73-9A40-87EFE8F0925E}.Debug|Any CPU.ActiveCfg = Debug|Any CPU
		{8E5C7207-E901-4B73-9A40-87EFE8F0925E}.Debug|Any CPU.Build.0 = Debug|Any CPU
		{8E5C7207-E901-4B73-9A40-87EFE8F0925E}.Release|Any CPU.ActiveCfg = Release|Any CPU
		{8E5C7207-E901-4B73-9A40-87EFE8F0925E}.Release|Any CPU.Build.0 = Release|Any CPU
		{EB945498-2C3F-4151-98D4-F981AEA3012F}.Debug|Any CPU.ActiveCfg = Debug|Any CPU
		{EB945498-2C3F-4151-98D4-F981AEA3012F}.Debug|Any CPU.Build.0 = Debug|Any CPU
		{EB945498-2C3F-4151-98D4-F981AEA3012F}.Release|Any CPU.ActiveCfg = Release|Any CPU
		{EB945498-2C3F-4151-98D4-F981AEA3012F}.Release|Any CPU.Build.0 = Release|Any CPU
	EndGlobalSection
	GlobalSection(SolutionProperties) = preSolution
		HideSolutionNode = FALSE
	EndGlobalSection
	GlobalSection(NestedProjects) = preSolution
		{BCFF3575-EBC6-4C38-BE3A-232DB11B3F9D} = {7F14B21C-911F-4E76-9332-E0176162D5E0}
		{7FD33659-C459-48AA-A8F9-4313617060D5} = {7F14B21C-911F-4E76-9332-E0176162D5E0}
		{3B86EFC6-B762-4CEB-B843-E6E6ED105D58} = {A0078942-03F7-41EF-9B9E-AF5E8C457C60}
		{8AA2BC66-9F21-4778-98BE-41A1805927E7} = {A0078942-03F7-41EF-9B9E-AF5E8C457C60}
		{B769D5F4-1E08-47D2-8D10-AFA4F111D2BA} = {A0078942-03F7-41EF-9B9E-AF5E8C457C60}
		{DE305C80-9A14-42F5-81EB-0344939F6017} = {6D037CCA-5A34-485B-B707-AED65E62AB5F}
		{5EDA1727-757F-40C4-85C0-6717D99B307F} = {6D037CCA-5A34-485B-B707-AED65E62AB5F}
		{DBDD94A5-4709-4C85-8B04-80A0B12E56FA} = {6D037CCA-5A34-485B-B707-AED65E62AB5F}
		{E16B2DF1-614E-4F0E-BFF7-4C5087B485EA} = {6D037CCA-5A34-485B-B707-AED65E62AB5F}
		{8E5C7207-E901-4B73-9A40-87EFE8F0925E} = {4AB95B45-9240-41EC-9C85-374C33B9DFAF}
		{EB945498-2C3F-4151-98D4-F981AEA3012F} = {4AB95B45-9240-41EC-9C85-374C33B9DFAF}
	EndGlobalSection
	GlobalSection(ExtensibilityGlobals) = postSolution
		SolutionGuid = {40199283-8A49-47EF-AA34-FFC7807923E5}
	EndGlobalSection
EndGlobal
