
Microsoft Visual Studio Solution File, Format Version 12.00
# Visual Studio Version 17
VisualStudioVersion = 17.5.2.0
MinimumVisualStudioVersion = 10.0.40219.1
Project("{2150E333-8FDC-42A3-9474-1A3956D46DE8}") = "2024", "2024", "{EAA4C3EA-4F80-F7E2-43F4-B077FE12FBA7}"
EndProject
Project("{2150E333-8FDC-42A3-9474-1A3956D46DE8}") = "Aula03", "Aula03", "{2ED4E7E9-0B99-E4B9-1281-9D092CD6A0AA}"
EndProject
Project("{FAE04EC0-301F-11D3-BF4B-00C04F79EFBC}") = "01", "2024\Aula03\01\01.csproj", "{11063C2B-2041-771A-9B00-8514A23605B9}"
EndProject
Project("{FAE04EC0-301F-11D3-BF4B-00C04F79EFBC}") = "02", "2024\Aula03\02\02.csproj", "{BD1215E2-2753-CFEA-8B78-30A35A3A5C7F}"
EndProject
Project("{2150E333-8FDC-42A3-9474-1A3956D46DE8}") = "Aula04", "Aula04", "{6AF874DD-2FC6-C91D-CD2F-E9146CF03113}"
EndProject
Project("{FAE04EC0-301F-11D3-BF4B-00C04F79EFBC}") = "01", "2024\Aula04\01\01.csproj", "{04FF4CA9-74A0-C7C3-A45C-4D44E02D4EA1}"
EndProject
Project("{FAE04EC0-301F-11D3-BF4B-00C04F79EFBC}") = "02", "2024\Aula04\02\02.csproj", "{785A7E12-E69A-F7F5-7DCD-B46F6193BA7E}"
EndProject
Project("{FAE04EC0-301F-11D3-BF4B-00C04F79EFBC}") = "03", "2024\Aula04\03\03.csproj", "{915CB219-1BA8-4CDC-29D2-B27E8E1C1C27}"
EndProject
Project("{2150E333-8FDC-42A3-9474-1A3956D46DE8}") = "Aula05", "Aula05", "{D432FC47-2B6B-0EF3-7352-2703C58043D6}"
EndProject
Project("{FAE04EC0-301F-11D3-BF4B-00C04F79EFBC}") = "01", "2024\Aula05\01\01.csproj", "{7E5E072E-F165-B02E-A524-381D84952A3E}"
EndProject
Project("{FAE04EC0-301F-11D3-BF4B-00C04F79EFBC}") = "02", "2024\Aula05\02\02.csproj", "{C835DAB6-87C2-D69B-5445-852481223C66}"
EndProject
Project("{FAE04EC0-301F-11D3-BF4B-00C04F79EFBC}") = "03", "2024\Aula05\03\03.csproj", "{58DA186D-CA53-F9A4-3723-B01B5B096939}"
EndProject
Project("{FAE04EC0-301F-11D3-BF4B-00C04F79EFBC}") = "04", "2024\Aula05\04\04.csproj", "{114D4B74-A47B-67F0-083E-2CB0DD2402D5}"
EndProject
Project("{2150E333-8FDC-42A3-9474-1A3956D46DE8}") = "Aula06", "Aula06", "{E9A354BD-BFE9-4012-63A2-F930EFCC9FCB}"
EndProject
Project("{FAE04EC0-301F-11D3-BF4B-00C04F79EFBC}") = "01", "2024\Aula06\01\01.csproj", "{045399E5-00E0-B99B-3C58-24FAD2E1C6DA}"
EndProject
Project("{FAE04EC0-301F-11D3-BF4B-00C04F79EFBC}") = "02", "2024\Aula06\02\02.csproj", "{FACF2B3B-1D00-29E4-71C0-3ACD1EC02AD2}"
EndProject
Project("{2150E333-8FDC-42A3-9474-1A3956D46DE8}") = "Aula07", "Aula07", "{65DA432F-C650-470A-E402-09BE446407BA}"
EndProject
Project("{FAE04EC0-301F-11D3-BF4B-00C04F79EFBC}") = "01", "2024\Aula07\01\01.csproj", "{60E43980-4C93-F62F-5C5B-1BCC9D94B1BB}"
EndProject
Project("{FAE04EC0-301F-11D3-BF4B-00C04F79EFBC}") = "02", "2024\Aula07\02\02.csproj", "{1B55A8D1-BC95-4CD1-6341-A40BE986A070}"
EndProject
Project("{FAE04EC0-301F-11D3-BF4B-00C04F79EFBC}") = "03", "2024\Aula07\03\03.csproj", "{7A6F86C4-3CE3-7C30-4049-6A6E58109362}"
EndProject
Project("{FAE04EC0-301F-11D3-BF4B-00C04F79EFBC}") = "04", "2024\Aula07\04\04.csproj", "{6A174A86-A5F4-5F43-8007-B5D8C893FBEE}"
EndProject
Project("{FAE04EC0-301F-11D3-BF4B-00C04F79EFBC}") = "Filas", "2024\Aula07\Filas\Filas.csproj", "{4E993A13-E58A-4BC2-BDE0-5889990A833C}"
EndProject
Project("{FAE04EC0-301F-11D3-BF4B-00C04F79EFBC}") = "pilha", "2024\Aula07\pilha\pilha.csproj", "{700ECDD1-6F1E-22B8-46A7-A7F93A47FE85}"
EndProject
Project("{FAE04EC0-301F-11D3-BF4B-00C04F79EFBC}") = "teste", "2024\Aula07\teste\teste.csproj", "{3562F454-2A8B-B0FF-C2C2-294C8FA354AA}"
EndProject
Project("{2150E333-8FDC-42A3-9474-1A3956D46DE8}") = "Aula08", "Aula08", "{C376F2B8-16F5-DFDC-637B-719C2ACF3E36}"
EndProject
Project("{FAE04EC0-301F-11D3-BF4B-00C04F79EFBC}") = "Encapsulamento", "2024\Aula08\Encapsulamento\Encapsulamento.csproj", "{25E83E49-1110-26C3-BE39-AF6BEDC736A0}"
EndProject
Project("{FAE04EC0-301F-11D3-BF4B-00C04F79EFBC}") = "Herança", "2024\Aula08\Herança\Herança.csproj", "{7C016FB4-6D50-3FA9-9F5F-A77AE6DFBE99}"
EndProject
Project("{FAE04EC0-301F-11D3-BF4B-00C04F79EFBC}") = "Polimorfismo", "2024\Aula08\Polimorfismo\Polimorfismo.csproj", "{45C63CB7-95B6-9F70-960F-0D397FAA1422}"
EndProject
Project("{2150E333-8FDC-42A3-9474-1A3956D46DE8}") = "Exercicios", "Exercicios", "{856C5D84-8586-D029-97D7-46D5C3C89FF0}"
EndProject
Project("{FAE04EC0-301F-11D3-BF4B-00C04F79EFBC}") = "01", "2024\Aula08\Exercicios\01\01.csproj", "{0F1233B7-B0A2-9B8C-6A0B-F4EF8AEDB3AF}"
EndProject
Project("{FAE04EC0-301F-11D3-BF4B-00C04F79EFBC}") = "02", "2024\Aula08\Exercicios\02\02.csproj", "{CDF315E6-3EA2-E46F-95E2-6E73BDF7B0C4}"
EndProject
Global
	GlobalSection(SolutionConfigurationPlatforms) = preSolution
		Debug|Any CPU = Debug|Any CPU
		Release|Any CPU = Release|Any CPU
	EndGlobalSection
	GlobalSection(ProjectConfigurationPlatforms) = postSolution
		{11063C2B-2041-771A-9B00-8514A23605B9}.Debug|Any CPU.ActiveCfg = Debug|Any CPU
		{11063C2B-2041-771A-9B00-8514A23605B9}.Debug|Any CPU.Build.0 = Debug|Any CPU
		{11063C2B-2041-771A-9B00-8514A23605B9}.Release|Any CPU.ActiveCfg = Release|Any CPU
		{11063C2B-2041-771A-9B00-8514A23605B9}.Release|Any CPU.Build.0 = Release|Any CPU
		{BD1215E2-2753-CFEA-8B78-30A35A3A5C7F}.Debug|Any CPU.ActiveCfg = Debug|Any CPU
		{BD1215E2-2753-CFEA-8B78-30A35A3A5C7F}.Debug|Any CPU.Build.0 = Debug|Any CPU
		{BD1215E2-2753-CFEA-8B78-30A35A3A5C7F}.Release|Any CPU.ActiveCfg = Release|Any CPU
		{BD1215E2-2753-CFEA-8B78-30A35A3A5C7F}.Release|Any CPU.Build.0 = Release|Any CPU
		{04FF4CA9-74A0-C7C3-A45C-4D44E02D4EA1}.Debug|Any CPU.ActiveCfg = Debug|Any CPU
		{04FF4CA9-74A0-C7C3-A45C-4D44E02D4EA1}.Debug|Any CPU.Build.0 = Debug|Any CPU
		{04FF4CA9-74A0-C7C3-A45C-4D44E02D4EA1}.Release|Any CPU.ActiveCfg = Release|Any CPU
		{04FF4CA9-74A0-C7C3-A45C-4D44E02D4EA1}.Release|Any CPU.Build.0 = Release|Any CPU
		{785A7E12-E69A-F7F5-7DCD-B46F6193BA7E}.Debug|Any CPU.ActiveCfg = Debug|Any CPU
		{785A7E12-E69A-F7F5-7DCD-B46F6193BA7E}.Debug|Any CPU.Build.0 = Debug|Any CPU
		{785A7E12-E69A-F7F5-7DCD-B46F6193BA7E}.Release|Any CPU.ActiveCfg = Release|Any CPU
		{785A7E12-E69A-F7F5-7DCD-B46F6193BA7E}.Release|Any CPU.Build.0 = Release|Any CPU
		{915CB219-1BA8-4CDC-29D2-B27E8E1C1C27}.Debug|Any CPU.ActiveCfg = Debug|Any CPU
		{915CB219-1BA8-4CDC-29D2-B27E8E1C1C27}.Debug|Any CPU.Build.0 = Debug|Any CPU
		{915CB219-1BA8-4CDC-29D2-B27E8E1C1C27}.Release|Any CPU.ActiveCfg = Release|Any CPU
		{915CB219-1BA8-4CDC-29D2-B27E8E1C1C27}.Release|Any CPU.Build.0 = Release|Any CPU
		{7E5E072E-F165-B02E-A524-381D84952A3E}.Debug|Any CPU.ActiveCfg = Debug|Any CPU
		{7E5E072E-F165-B02E-A524-381D84952A3E}.Debug|Any CPU.Build.0 = Debug|Any CPU
		{7E5E072E-F165-B02E-A524-381D84952A3E}.Release|Any CPU.ActiveCfg = Release|Any CPU
		{7E5E072E-F165-B02E-A524-381D84952A3E}.Release|Any CPU.Build.0 = Release|Any CPU
		{C835DAB6-87C2-D69B-5445-852481223C66}.Debug|Any CPU.ActiveCfg = Debug|Any CPU
		{C835DAB6-87C2-D69B-5445-852481223C66}.Debug|Any CPU.Build.0 = Debug|Any CPU
		{C835DAB6-87C2-D69B-5445-852481223C66}.Release|Any CPU.ActiveCfg = Release|Any CPU
		{C835DAB6-87C2-D69B-5445-852481223C66}.Release|Any CPU.Build.0 = Release|Any CPU
		{58DA186D-CA53-F9A4-3723-B01B5B096939}.Debug|Any CPU.ActiveCfg = Debug|Any CPU
		{58DA186D-CA53-F9A4-3723-B01B5B096939}.Debug|Any CPU.Build.0 = Debug|Any CPU
		{58DA186D-CA53-F9A4-3723-B01B5B096939}.Release|Any CPU.ActiveCfg = Release|Any CPU
		{58DA186D-CA53-F9A4-3723-B01B5B096939}.Release|Any CPU.Build.0 = Release|Any CPU
		{114D4B74-A47B-67F0-083E-2CB0DD2402D5}.Debug|Any CPU.ActiveCfg = Debug|Any CPU
		{114D4B74-A47B-67F0-083E-2CB0DD2402D5}.Debug|Any CPU.Build.0 = Debug|Any CPU
		{114D4B74-A47B-67F0-083E-2CB0DD2402D5}.Release|Any CPU.ActiveCfg = Release|Any CPU
		{114D4B74-A47B-67F0-083E-2CB0DD2402D5}.Release|Any CPU.Build.0 = Release|Any CPU
		{045399E5-00E0-B99B-3C58-24FAD2E1C6DA}.Debug|Any CPU.ActiveCfg = Debug|Any CPU
		{045399E5-00E0-B99B-3C58-24FAD2E1C6DA}.Debug|Any CPU.Build.0 = Debug|Any CPU
		{045399E5-00E0-B99B-3C58-24FAD2E1C6DA}.Release|Any CPU.ActiveCfg = Release|Any CPU
		{045399E5-00E0-B99B-3C58-24FAD2E1C6DA}.Release|Any CPU.Build.0 = Release|Any CPU
		{FACF2B3B-1D00-29E4-71C0-3ACD1EC02AD2}.Debug|Any CPU.ActiveCfg = Debug|Any CPU
		{FACF2B3B-1D00-29E4-71C0-3ACD1EC02AD2}.Debug|Any CPU.Build.0 = Debug|Any CPU
		{FACF2B3B-1D00-29E4-71C0-3ACD1EC02AD2}.Release|Any CPU.ActiveCfg = Release|Any CPU
		{FACF2B3B-1D00-29E4-71C0-3ACD1EC02AD2}.Release|Any CPU.Build.0 = Release|Any CPU
		{60E43980-4C93-F62F-5C5B-1BCC9D94B1BB}.Debug|Any CPU.ActiveCfg = Debug|Any CPU
		{60E43980-4C93-F62F-5C5B-1BCC9D94B1BB}.Debug|Any CPU.Build.0 = Debug|Any CPU
		{60E43980-4C93-F62F-5C5B-1BCC9D94B1BB}.Release|Any CPU.ActiveCfg = Release|Any CPU
		{60E43980-4C93-F62F-5C5B-1BCC9D94B1BB}.Release|Any CPU.Build.0 = Release|Any CPU
		{1B55A8D1-BC95-4CD1-6341-A40BE986A070}.Debug|Any CPU.ActiveCfg = Debug|Any CPU
		{1B55A8D1-BC95-4CD1-6341-A40BE986A070}.Debug|Any CPU.Build.0 = Debug|Any CPU
		{1B55A8D1-BC95-4CD1-6341-A40BE986A070}.Release|Any CPU.ActiveCfg = Release|Any CPU
		{1B55A8D1-BC95-4CD1-6341-A40BE986A070}.Release|Any CPU.Build.0 = Release|Any CPU
		{7A6F86C4-3CE3-7C30-4049-6A6E58109362}.Debug|Any CPU.ActiveCfg = Debug|Any CPU
		{7A6F86C4-3CE3-7C30-4049-6A6E58109362}.Debug|Any CPU.Build.0 = Debug|Any CPU
		{7A6F86C4-3CE3-7C30-4049-6A6E58109362}.Release|Any CPU.ActiveCfg = Release|Any CPU
		{7A6F86C4-3CE3-7C30-4049-6A6E58109362}.Release|Any CPU.Build.0 = Release|Any CPU
		{6A174A86-A5F4-5F43-8007-B5D8C893FBEE}.Debug|Any CPU.ActiveCfg = Debug|Any CPU
		{6A174A86-A5F4-5F43-8007-B5D8C893FBEE}.Debug|Any CPU.Build.0 = Debug|Any CPU
		{6A174A86-A5F4-5F43-8007-B5D8C893FBEE}.Release|Any CPU.ActiveCfg = Release|Any CPU
		{6A174A86-A5F4-5F43-8007-B5D8C893FBEE}.Release|Any CPU.Build.0 = Release|Any CPU
		{4E993A13-E58A-4BC2-BDE0-5889990A833C}.Debug|Any CPU.ActiveCfg = Debug|Any CPU
		{4E993A13-E58A-4BC2-BDE0-5889990A833C}.Debug|Any CPU.Build.0 = Debug|Any CPU
		{4E993A13-E58A-4BC2-BDE0-5889990A833C}.Release|Any CPU.ActiveCfg = Release|Any CPU
		{4E993A13-E58A-4BC2-BDE0-5889990A833C}.Release|Any CPU.Build.0 = Release|Any CPU
		{700ECDD1-6F1E-22B8-46A7-A7F93A47FE85}.Debug|Any CPU.ActiveCfg = Debug|Any CPU
		{700ECDD1-6F1E-22B8-46A7-A7F93A47FE85}.Debug|Any CPU.Build.0 = Debug|Any CPU
		{700ECDD1-6F1E-22B8-46A7-A7F93A47FE85}.Release|Any CPU.ActiveCfg = Release|Any CPU
		{700ECDD1-6F1E-22B8-46A7-A7F93A47FE85}.Release|Any CPU.Build.0 = Release|Any CPU
		{3562F454-2A8B-B0FF-C2C2-294C8FA354AA}.Debug|Any CPU.ActiveCfg = Debug|Any CPU
		{3562F454-2A8B-B0FF-C2C2-294C8FA354AA}.Debug|Any CPU.Build.0 = Debug|Any CPU
		{3562F454-2A8B-B0FF-C2C2-294C8FA354AA}.Release|Any CPU.ActiveCfg = Release|Any CPU
		{3562F454-2A8B-B0FF-C2C2-294C8FA354AA}.Release|Any CPU.Build.0 = Release|Any CPU
		{25E83E49-1110-26C3-BE39-AF6BEDC736A0}.Debug|Any CPU.ActiveCfg = Debug|Any CPU
		{25E83E49-1110-26C3-BE39-AF6BEDC736A0}.Debug|Any CPU.Build.0 = Debug|Any CPU
		{25E83E49-1110-26C3-BE39-AF6BEDC736A0}.Release|Any CPU.ActiveCfg = Release|Any CPU
		{25E83E49-1110-26C3-BE39-AF6BEDC736A0}.Release|Any CPU.Build.0 = Release|Any CPU
		{7C016FB4-6D50-3FA9-9F5F-A77AE6DFBE99}.Debug|Any CPU.ActiveCfg = Debug|Any CPU
		{7C016FB4-6D50-3FA9-9F5F-A77AE6DFBE99}.Debug|Any CPU.Build.0 = Debug|Any CPU
		{7C016FB4-6D50-3FA9-9F5F-A77AE6DFBE99}.Release|Any CPU.ActiveCfg = Release|Any CPU
		{7C016FB4-6D50-3FA9-9F5F-A77AE6DFBE99}.Release|Any CPU.Build.0 = Release|Any CPU
		{45C63CB7-95B6-9F70-960F-0D397FAA1422}.Debug|Any CPU.ActiveCfg = Debug|Any CPU
		{45C63CB7-95B6-9F70-960F-0D397FAA1422}.Debug|Any CPU.Build.0 = Debug|Any CPU
		{45C63CB7-95B6-9F70-960F-0D397FAA1422}.Release|Any CPU.ActiveCfg = Release|Any CPU
		{45C63CB7-95B6-9F70-960F-0D397FAA1422}.Release|Any CPU.Build.0 = Release|Any CPU
		{0F1233B7-B0A2-9B8C-6A0B-F4EF8AEDB3AF}.Debug|Any CPU.ActiveCfg = Debug|Any CPU
		{0F1233B7-B0A2-9B8C-6A0B-F4EF8AEDB3AF}.Debug|Any CPU.Build.0 = Debug|Any CPU
		{0F1233B7-B0A2-9B8C-6A0B-F4EF8AEDB3AF}.Release|Any CPU.ActiveCfg = Release|Any CPU
		{0F1233B7-B0A2-9B8C-6A0B-F4EF8AEDB3AF}.Release|Any CPU.Build.0 = Release|Any CPU
		{CDF315E6-3EA2-E46F-95E2-6E73BDF7B0C4}.Debug|Any CPU.ActiveCfg = Debug|Any CPU
		{CDF315E6-3EA2-E46F-95E2-6E73BDF7B0C4}.Debug|Any CPU.Build.0 = Debug|Any CPU
		{CDF315E6-3EA2-E46F-95E2-6E73BDF7B0C4}.Release|Any CPU.ActiveCfg = Release|Any CPU
		{CDF315E6-3EA2-E46F-95E2-6E73BDF7B0C4}.Release|Any CPU.Build.0 = Release|Any CPU
	EndGlobalSection
	GlobalSection(SolutionProperties) = preSolution
		HideSolutionNode = FALSE
	EndGlobalSection
	GlobalSection(NestedProjects) = preSolution
		{2ED4E7E9-0B99-E4B9-1281-9D092CD6A0AA} = {EAA4C3EA-4F80-F7E2-43F4-B077FE12FBA7}
		{11063C2B-2041-771A-9B00-8514A23605B9} = {2ED4E7E9-0B99-E4B9-1281-9D092CD6A0AA}
		{BD1215E2-2753-CFEA-8B78-30A35A3A5C7F} = {2ED4E7E9-0B99-E4B9-1281-9D092CD6A0AA}
		{6AF874DD-2FC6-C91D-CD2F-E9146CF03113} = {EAA4C3EA-4F80-F7E2-43F4-B077FE12FBA7}
		{04FF4CA9-74A0-C7C3-A45C-4D44E02D4EA1} = {6AF874DD-2FC6-C91D-CD2F-E9146CF03113}
		{785A7E12-E69A-F7F5-7DCD-B46F6193BA7E} = {6AF874DD-2FC6-C91D-CD2F-E9146CF03113}
		{915CB219-1BA8-4CDC-29D2-B27E8E1C1C27} = {6AF874DD-2FC6-C91D-CD2F-E9146CF03113}
		{D432FC47-2B6B-0EF3-7352-2703C58043D6} = {EAA4C3EA-4F80-F7E2-43F4-B077FE12FBA7}
		{7E5E072E-F165-B02E-A524-381D84952A3E} = {D432FC47-2B6B-0EF3-7352-2703C58043D6}
		{C835DAB6-87C2-D69B-5445-852481223C66} = {D432FC47-2B6B-0EF3-7352-2703C58043D6}
		{58DA186D-CA53-F9A4-3723-B01B5B096939} = {D432FC47-2B6B-0EF3-7352-2703C58043D6}
		{114D4B74-A47B-67F0-083E-2CB0DD2402D5} = {D432FC47-2B6B-0EF3-7352-2703C58043D6}
		{E9A354BD-BFE9-4012-63A2-F930EFCC9FCB} = {EAA4C3EA-4F80-F7E2-43F4-B077FE12FBA7}
		{045399E5-00E0-B99B-3C58-24FAD2E1C6DA} = {E9A354BD-BFE9-4012-63A2-F930EFCC9FCB}
		{FACF2B3B-1D00-29E4-71C0-3ACD1EC02AD2} = {E9A354BD-BFE9-4012-63A2-F930EFCC9FCB}
		{65DA432F-C650-470A-E402-09BE446407BA} = {EAA4C3EA-4F80-F7E2-43F4-B077FE12FBA7}
		{60E43980-4C93-F62F-5C5B-1BCC9D94B1BB} = {65DA432F-C650-470A-E402-09BE446407BA}
		{1B55A8D1-BC95-4CD1-6341-A40BE986A070} = {65DA432F-C650-470A-E402-09BE446407BA}
		{7A6F86C4-3CE3-7C30-4049-6A6E58109362} = {65DA432F-C650-470A-E402-09BE446407BA}
		{6A174A86-A5F4-5F43-8007-B5D8C893FBEE} = {65DA432F-C650-470A-E402-09BE446407BA}
		{4E993A13-E58A-4BC2-BDE0-5889990A833C} = {65DA432F-C650-470A-E402-09BE446407BA}
		{700ECDD1-6F1E-22B8-46A7-A7F93A47FE85} = {65DA432F-C650-470A-E402-09BE446407BA}
		{3562F454-2A8B-B0FF-C2C2-294C8FA354AA} = {65DA432F-C650-470A-E402-09BE446407BA}
		{C376F2B8-16F5-DFDC-637B-719C2ACF3E36} = {EAA4C3EA-4F80-F7E2-43F4-B077FE12FBA7}
		{25E83E49-1110-26C3-BE39-AF6BEDC736A0} = {C376F2B8-16F5-DFDC-637B-719C2ACF3E36}
		{7C016FB4-6D50-3FA9-9F5F-A77AE6DFBE99} = {C376F2B8-16F5-DFDC-637B-719C2ACF3E36}
		{45C63CB7-95B6-9F70-960F-0D397FAA1422} = {C376F2B8-16F5-DFDC-637B-719C2ACF3E36}
		{856C5D84-8586-D029-97D7-46D5C3C89FF0} = {C376F2B8-16F5-DFDC-637B-719C2ACF3E36}
		{0F1233B7-B0A2-9B8C-6A0B-F4EF8AEDB3AF} = {856C5D84-8586-D029-97D7-46D5C3C89FF0}
		{CDF315E6-3EA2-E46F-95E2-6E73BDF7B0C4} = {856C5D84-8586-D029-97D7-46D5C3C89FF0}
	EndGlobalSection
	GlobalSection(ExtensibilityGlobals) = postSolution
		SolutionGuid = {05F6E50D-610A-4811-898C-F2B50CCFCDAE}
	EndGlobalSection
EndGlobal
